
Microsoft Visual Studio Solution File, Format Version 12.00
# Visual Studio Version 16
VisualStudioVersion = 25.0.1700.3
MinimumVisualStudioVersion = 10.0.40219.1
Project("{FAE04EC0-301F-11D3-BF4B-00C04F79EFBC}") = "Bootpay", "Bootpay.csproj", "{FC45401B-792C-4D25-9EEF-76E6F19EC095}"
EndProject
Global
	GlobalSection(SolutionConfigurationPlatforms) = preSolution
		Debug|Any CPU = Debug|Any CPU
		Release|Any CPU = Release|Any CPU
	EndGlobalSection
	GlobalSection(ProjectConfigurationPlatforms) = postSolution
		{FC45401B-792C-4D25-9EEF-76E6F19EC095}.Debug|Any CPU.ActiveCfg = Debug|Any CPU
		{FC45401B-792C-4D25-9EEF-76E6F19EC095}.Debug|Any CPU.Build.0 = Debug|Any CPU
		{FC45401B-792C-4D25-9EEF-76E6F19EC095}.Release|Any CPU.ActiveCfg = Release|Any CPU
		{FC45401B-792C-4D25-9EEF-76E6F19EC095}.Release|Any CPU.Build.0 = Release|Any CPU
	EndGlobalSection
	GlobalSection(SolutionProperties) = preSolution
		HideSolutionNode = FALSE
	EndGlobalSection
	GlobalSection(ExtensibilityGlobals) = postSolution
		SolutionGuid = {49E2A85B-F8C8-4237-835F-4CE72CB820E0}
	EndGlobalSection
EndGlobal
